
Microsoft Visual Studio Solution File, Format Version 12.00
# Visual Studio 15
VisualStudioVersion = 15.0.27004.2006
MinimumVisualStudioVersion = 10.0.40219.1
Project("{FAE04EC0-301F-11D3-BF4B-00C04F79EFBC}") = "web", "web\web.csproj", "{2D2431BB-E4E1-44C7-87FB-71F07EF79FAD}"
EndProject
Project("{FAE04EC0-301F-11D3-BF4B-00C04F79EFBC}") = "code", "code\code.csproj", "{15CFFDB6-2E56-4271-A7C3-5BAC7393ACB6}"
EndProject
Project("{2150E333-8FDC-42A3-9474-1A3956D46DE8}") = ".nuget", ".nuget", "{BABC0758-C2BD-4766-AB53-61C58E8A7975}"
	ProjectSection(SolutionItems) = preProject
		.nuget\NuGet.Config = .nuget\NuGet.Config
		.nuget\NuGet.exe = .nuget\NuGet.exe
		.nuget\NuGet.targets = .nuget\NuGet.targets
	EndProjectSection
EndProject
Global
	GlobalSection(SolutionConfigurationPlatforms) = preSolution
		Debug|Any CPU = Debug|Any CPU
		Release|Any CPU = Release|Any CPU
	EndGlobalSection
	GlobalSection(ProjectConfigurationPlatforms) = postSolution
		{2D2431BB-E4E1-44C7-87FB-71F07EF79FAD}.Debug|Any CPU.ActiveCfg = Base|Any CPU
		{2D2431BB-E4E1-44C7-87FB-71F07EF79FAD}.Debug|Any CPU.Build.0 = Base|Any CPU
		{2D2431BB-E4E1-44C7-87FB-71F07EF79FAD}.Release|Any CPU.ActiveCfg = Release|Any CPU
		{2D2431BB-E4E1-44C7-87FB-71F07EF79FAD}.Release|Any CPU.Build.0 = Release|Any CPU
		{15CFFDB6-2E56-4271-A7C3-5BAC7393ACB6}.Debug|Any CPU.ActiveCfg = Debug|Any CPU
		{15CFFDB6-2E56-4271-A7C3-5BAC7393ACB6}.Debug|Any CPU.Build.0 = Debug|Any CPU
		{15CFFDB6-2E56-4271-A7C3-5BAC7393ACB6}.Release|Any CPU.ActiveCfg = Release|Any CPU
		{15CFFDB6-2E56-4271-A7C3-5BAC7393ACB6}.Release|Any CPU.Build.0 = Release|Any CPU
	EndGlobalSection
	GlobalSection(SolutionProperties) = preSolution
		HideSolutionNode = FALSE
	EndGlobalSection
	GlobalSection(ExtensibilityGlobals) = postSolution
		SolutionGuid = {727CE313-9147-40D4-BD9B-C24F662FBFC4}
	EndGlobalSection
EndGlobal
